{
  "name": "detritus-cc",
  "version": "1.0.0",
  "lockfileVersion": 1,
  "requires": true,
  "dependencies": {
    "@types/node": {
      "version": "15.3.0",
      "resolved": "https://registry.npmjs.org/@types/node/-/node-15.3.0.tgz",
      "integrity": "sha512-8/bnjSZD86ZfpBsDlCIkNXIvm+h6wi9g7IqL+kmFkQ+Wvu3JrasgLElfiPgoo8V8vVfnEi0QVS12gbl94h9YsQ==",
      "dev": true
    },
    "asynckit": {
      "version": "0.4.0",
      "resolved": "https://registry.npmjs.org/asynckit/-/asynckit-0.4.0.tgz",
      "integrity": "sha1-x57Zf380y48robyXkLzDZkdLS3k="
    },
    "combined-stream": {
      "version": "1.0.8",
      "resolved": "https://registry.npmjs.org/combined-stream/-/combined-stream-1.0.8.tgz",
      "integrity": "sha512-FQN4MRfuJeHf7cBbBMJFXhKSDq+2kAArBlmRBvcvFE5BB1HZKXtSFASDhdlz9zOYwxh8lDdnvmMOe/+5cdoEdg==",
      "requires": {
        "delayed-stream": "~1.0.0"
      }
    },
    "delayed-stream": {
      "version": "1.0.0",
      "resolved": "https://registry.npmjs.org/delayed-stream/-/delayed-stream-1.0.0.tgz",
      "integrity": "sha1-3zrhmayt+31ECqrgsp4icrJOxhk="
    },
    "detritus-client": {
      "version": "0.14.3",
      "resolved": "https://registry.npmjs.org/detritus-client/-/detritus-client-0.14.3.tgz",
      "integrity": "sha512-4f8H4WsCV/fp6kyrNhOaoV/Slperx15t2/Ip+34LzbbfTmJskXf+s5w85KRpucyn1xHM/FHZU31WZ9IXKjONdw==",
      "requires": {
        "detritus-client-rest": "^0.9.3",
        "detritus-client-socket": "^0.7.2",
        "detritus-utils": "^0.4.0"
      }
    },
    "detritus-client-rest": {
      "version": "0.9.4",
      "resolved": "https://registry.npmjs.org/detritus-client-rest/-/detritus-client-rest-0.9.4.tgz",
      "integrity": "sha512-M1BPpj/6pXOGx976KbqO9nhDzJWQ37B9RVoCb0W36wO4oIoZobASPJrcZh5VL/hlQN/poFJGQrGm8+WP6KGKlQ==",
      "requires": {
        "detritus-rest": "^0.7.0",
        "detritus-utils": "^0.4.0"
      }
    },
    "detritus-client-socket": {
      "version": "0.7.2",
      "resolved": "https://registry.npmjs.org/detritus-client-socket/-/detritus-client-socket-0.7.2.tgz",
      "integrity": "sha512-5302Rr/e+vRcE4ZvmgYCNsBIXkhZPlhLbl7p8YPK+bjvnLgXX0E+sv0SIvM4bRqNXIlDjXjnpMHgSlrTAqKKQQ==",
      "requires": {
        "detritus-utils": "^0.4.0",
        "ws": "^7.4.2"
      }
    },
    "detritus-rest": {
      "version": "0.7.0",
      "resolved": "https://registry.npmjs.org/detritus-rest/-/detritus-rest-0.7.0.tgz",
      "integrity": "sha512-T5FNXpyv5F69ZXEz6z8mWo5yiz7Mhrg+HQsZumih/uDeqf3+1AvZgNI4XLscG1D56F0o5DSyXkoOxDgd2oeTgA==",
      "requires": {
        "form-data": "^3.0.0",
        "node-fetch": "^2.6.1"
      }
    },
    "detritus-utils": {
      "version": "0.4.0",
      "resolved": "https://registry.npmjs.org/detritus-utils/-/detritus-utils-0.4.0.tgz",
      "integrity": "sha512-XO9crk1eCOecajzOg4WMsvcgXV/3GAltV0nt+kXXmglwcKyh/5DpQ7jmQ/2HycEN0dGBdgLCLPzYMxrWPN9gpw=="
    },
    "form-data": {
      "version": "3.0.1",
      "resolved": "https://registry.npmjs.org/form-data/-/form-data-3.0.1.tgz",
      "integrity": "sha512-RHkBKtLWUVwd7SqRIvCZMEvAMoGUp0XU+seQiZejj0COz3RI3hWP4sCv3gZWWLjJTd7rGwcsF5eKZGii0r/hbg==",
      "requires": {
        "asynckit": "^0.4.0",
        "combined-stream": "^1.0.8",
        "mime-types": "^2.1.12"
      }
    },
    "mime-db": {
      "version": "1.47.0",
      "resolved": "https://registry.npmjs.org/mime-db/-/mime-db-1.47.0.tgz",
      "integrity": "sha512-QBmA/G2y+IfeS4oktet3qRZ+P5kPhCKRXxXnQEudYqUaEioAU1/Lq2us3D/t1Jfo4hE9REQPrbB7K5sOczJVIw=="
    },
    "mime-types": {
      "version": "2.1.30",
      "resolved": "https://registry.npmjs.org/mime-types/-/mime-types-2.1.30.tgz",
      "integrity": "sha512-crmjA4bLtR8m9qLpHvgxSChT+XoSlZi8J4n/aIdn3z92e/U47Z0V/yl+Wh9W046GgFVAmoNR/fmdbZYcSSIUeg==",
      "requires": {
        "mime-db": "1.47.0"
      }
    },
    "node-fetch": {
      "version": "2.6.1",
      "resolved": "https://registry.npmjs.org/node-fetch/-/node-fetch-2.6.1.tgz",
      "integrity": "sha512-V4aYg89jEoVRxRb2fJdAg8FHvI7cEyYdVAh94HH0UIK8oJxUfkjlDQN9RbMx+bEjP7+ggMiFRprSti032Oipxw=="
    },
    "typescript": {
      "version": "4.2.4",
      "resolved": "https://registry.npmjs.org/typescript/-/typescript-4.2.4.tgz",
      "integrity": "sha512-V+evlYHZnQkaz8TRBuxTA92yZBPotr5H+WhQ7bD3hZUndx5tGOa1fuCgeSjxAzM1RiN5IzvadIXTVefuuwZCRg=="
    },
    "ws": {
      "version": "7.4.5",
      "resolved": "https://registry.npmjs.org/ws/-/ws-7.4.5.tgz",
      "integrity": "sha512-xzyu3hFvomRfXKH8vOFMU3OguG6oOvhXMo3xsGy3xWExqaM2dxBbVxuD99O7m3ZUFMvvscsZDqxfgMaRr/Nr1g=="
    }
  }
}
